
Microsoft Visual Studio Solution File, Format Version 12.00
# Visual Studio Version 17
VisualStudioVersion = 17.4.33403.182
MinimumVisualStudioVersion = 10.0.40219.1
Project("{FAE04EC0-301F-11D3-BF4B-00C04F79EFBC}") = "api", "api.csproj", "{F2ACAA50-BD33-4833-9AD3-99D21617CDBB}"
EndProject
Global
	GlobalSection(SolutionConfigurationPlatforms) = preSolution
		Debug|Any CPU = Debug|Any CPU
		Release|Any CPU = Release|Any CPU
	EndGlobalSection
	GlobalSection(ProjectConfigurationPlatforms) = postSolution
		{F2ACAA50-BD33-4833-9AD3-99D21617CDBB}.Debug|Any CPU.ActiveCfg = Debug|Any CPU
		{F2ACAA50-BD33-4833-9AD3-99D21617CDBB}.Debug|Any CPU.Build.0 = Debug|Any CPU
		{F2ACAA50-BD33-4833-9AD3-99D21617CDBB}.Release|Any CPU.ActiveCfg = Release|Any CPU
		{F2ACAA50-BD33-4833-9AD3-99D21617CDBB}.Release|Any CPU.Build.0 = Release|Any CPU
	EndGlobalSection
	GlobalSection(SolutionProperties) = preSolution
		HideSolutionNode = FALSE
	EndGlobalSection
	GlobalSection(ExtensibilityGlobals) = postSolution
		SolutionGuid = {A7D9AC20-1E1B-463C-9B93-96266D05794A}
	EndGlobalSection
EndGlobal
